
Microsoft Visual Studio Solution File, Format Version 12.00
# Visual Studio Version 16
VisualStudioVersion = 16.0.29519.87
MinimumVisualStudioVersion = 10.0.40219.1
Project("{FAE04EC0-301F-11D3-BF4B-00C04F79EFBC}") = "Animal06", "Animal06\Animal06.csproj", "{F2E4D183-C4A2-49B3-91A2-91777176D7EF}"
EndProject
Project("{FAE04EC0-301F-11D3-BF4B-00C04F79EFBC}") = "OnlineRadioDatabase04", "OnlineRadioDatabase04\OnlineRadioDatabase04.csproj", "{D9260FF6-921C-4DB8-BF78-BB5EFC746D7F}"
EndProject
Project("{FAE04EC0-301F-11D3-BF4B-00C04F79EFBC}") = "MordorsCruelPlan", "MordorsCruelPlan\MordorsCruelPlan.csproj", "{570D511B-CB95-42C0-8467-62A6BD981F03}"
EndProject
Project("{FAE04EC0-301F-11D3-BF4B-00C04F79EFBC}") = "BookShop02", "BookShop02\BookShop02.csproj", "{5D25BB18-9961-44CD-92F8-562A514AA52E}"
EndProject
Project("{FAE04EC0-301F-11D3-BF4B-00C04F79EFBC}") = "Mankind03", "Mankind03\Mankind03.csproj", "{DEDBBCDF-42A7-49FE-BD3D-31DD595C37D8}"
EndProject
Global
	GlobalSection(SolutionConfigurationPlatforms) = preSolution
		Debug|Any CPU = Debug|Any CPU
		Release|Any CPU = Release|Any CPU
	EndGlobalSection
	GlobalSection(ProjectConfigurationPlatforms) = postSolution
		{F2E4D183-C4A2-49B3-91A2-91777176D7EF}.Debug|Any CPU.ActiveCfg = Debug|Any CPU
		{F2E4D183-C4A2-49B3-91A2-91777176D7EF}.Debug|Any CPU.Build.0 = Debug|Any CPU
		{F2E4D183-C4A2-49B3-91A2-91777176D7EF}.Release|Any CPU.ActiveCfg = Release|Any CPU
		{F2E4D183-C4A2-49B3-91A2-91777176D7EF}.Release|Any CPU.Build.0 = Release|Any CPU
		{D9260FF6-921C-4DB8-BF78-BB5EFC746D7F}.Debug|Any CPU.ActiveCfg = Debug|Any CPU
		{D9260FF6-921C-4DB8-BF78-BB5EFC746D7F}.Debug|Any CPU.Build.0 = Debug|Any CPU
		{D9260FF6-921C-4DB8-BF78-BB5EFC746D7F}.Release|Any CPU.ActiveCfg = Release|Any CPU
		{D9260FF6-921C-4DB8-BF78-BB5EFC746D7F}.Release|Any CPU.Build.0 = Release|Any CPU
		{570D511B-CB95-42C0-8467-62A6BD981F03}.Debug|Any CPU.ActiveCfg = Debug|Any CPU
		{570D511B-CB95-42C0-8467-62A6BD981F03}.Debug|Any CPU.Build.0 = Debug|Any CPU
		{570D511B-CB95-42C0-8467-62A6BD981F03}.Release|Any CPU.ActiveCfg = Release|Any CPU
		{570D511B-CB95-42C0-8467-62A6BD981F03}.Release|Any CPU.Build.0 = Release|Any CPU
		{5D25BB18-9961-44CD-92F8-562A514AA52E}.Debug|Any CPU.ActiveCfg = Debug|Any CPU
		{5D25BB18-9961-44CD-92F8-562A514AA52E}.Debug|Any CPU.Build.0 = Debug|Any CPU
		{5D25BB18-9961-44CD-92F8-562A514AA52E}.Release|Any CPU.ActiveCfg = Release|Any CPU
		{5D25BB18-9961-44CD-92F8-562A514AA52E}.Release|Any CPU.Build.0 = Release|Any CPU
		{DEDBBCDF-42A7-49FE-BD3D-31DD595C37D8}.Debug|Any CPU.ActiveCfg = Debug|Any CPU
		{DEDBBCDF-42A7-49FE-BD3D-31DD595C37D8}.Debug|Any CPU.Build.0 = Debug|Any CPU
		{DEDBBCDF-42A7-49FE-BD3D-31DD595C37D8}.Release|Any CPU.ActiveCfg = Release|Any CPU
		{DEDBBCDF-42A7-49FE-BD3D-31DD595C37D8}.Release|Any CPU.Build.0 = Release|Any CPU
	EndGlobalSection
	GlobalSection(SolutionProperties) = preSolution
		HideSolutionNode = FALSE
	EndGlobalSection
	GlobalSection(ExtensibilityGlobals) = postSolution
		SolutionGuid = {53BB4984-D16A-4464-A2AC-28E48334A79A}
	EndGlobalSection
EndGlobal
